
Microsoft Visual Studio Solution File, Format Version 12.00
# Visual Studio Version 16
VisualStudioVersion = 16.0.32407.337
MinimumVisualStudioVersion = 10.0.40219.1
Project("{FAE04EC0-301F-11D3-BF4B-00C04F79EFBC}") = "AgungSetiawan_Exercise3_ATM", "AgungSetiawan_Exercise3_ATM\AgungSetiawan_Exercise3_ATM.csproj", "{4ABE9B04-A827-45C3-A5E2-864CC7E115AD}"
EndProject
Global
	GlobalSection(SolutionConfigurationPlatforms) = preSolution
		Debug|Any CPU = Debug|Any CPU
		Release|Any CPU = Release|Any CPU
	EndGlobalSection
	GlobalSection(ProjectConfigurationPlatforms) = postSolution
		{4ABE9B04-A827-45C3-A5E2-864CC7E115AD}.Debug|Any CPU.ActiveCfg = Debug|Any CPU
		{4ABE9B04-A827-45C3-A5E2-864CC7E115AD}.Debug|Any CPU.Build.0 = Debug|Any CPU
		{4ABE9B04-A827-45C3-A5E2-864CC7E115AD}.Release|Any CPU.ActiveCfg = Release|Any CPU
		{4ABE9B04-A827-45C3-A5E2-864CC7E115AD}.Release|Any CPU.Build.0 = Release|Any CPU
	EndGlobalSection
	GlobalSection(SolutionProperties) = preSolution
		HideSolutionNode = FALSE
	EndGlobalSection
	GlobalSection(ExtensibilityGlobals) = postSolution
		SolutionGuid = {B2B3FFBB-B990-4FDE-A31F-8D12A32EEFC9}
	EndGlobalSection
EndGlobal
